<?xml version="1.0" encoding="utf-8"?>
<Project ToolsVersion="4.0" xmlns="http://schemas.microsoft.com/developer/msbuild/2003">
  <ItemGroup>
    <Filter Include="Source Files">
      <UniqueIdentifier>{4272fffe-0ed1-4e8c-9fd9-962e95cf5a30}</UniqueIdentifier>
      <Extensions>cpp;c;cxx;def;odl;idl;hpj;bat;asm;asmx</Extensions>
    </Filter>
    <Filter Include="Header Files">
      <UniqueIdentifier>{7db9909c-e0bc-441e-b945-554f526c5296}</UniqueIdentifier>
      <Extensions>h;hpp;hxx;hm;inl;inc;xsd</Extensions>
    </Filter>
  </ItemGroup>
  <ItemGroup>
    <ClCompile Include="anim.cpp">
      <Filter>Source Files</Filter>
    </ClCompile>
    <ClCompile Include="animTcl.cpp">
      <Filter>Source Files</Filter>
    </ClCompile>
    <ClCompile Include="BaseObject.cpp">
      <Filter>Source Files</Filter>
    </ClCompile>
    <ClCompile Include="BaseSimulator.cpp">
      <Filter>Source Files</Filter>
    </ClCompile>
    <ClCompile Include="GlobalResourceManager.cpp">
      <Filter>Source Files</Filter>
    </ClCompile>
    <ClCompile Include="myScene.cpp">
      <Filter>Source Files</Filter>
    </ClCompile>
    <ClCompile Include="ResourceManager.cpp">
      <Filter>Source Files</Filter>
    </ClCompile>
    <ClCompile Include="SampleGravitySimulator.cpp">
      <Filter>Source Files</Filter>
    </ClCompile>
    <ClCompile Include="SampleParticle.cpp">
      <Filter>Source Files</Filter>
    </ClCompile>
    <ClCompile Include="Hermite.cpp">
      <Filter>Source Files</Filter>
    </ClCompile>
    <ClCompile Include="BaseSystem.cpp">
      <Filter>Source Files</Filter>
    </ClCompile>
  </ItemGroup>
  <ItemGroup>
    <ClInclude Include="anim.h">
      <Filter>Header Files</Filter>
    </ClInclude>
    <ClInclude Include="animTcl.h">
      <Filter>Header Files</Filter>
    </ClInclude>
    <ClInclude Include="BaseObject.h">
      <Filter>Header Files</Filter>
    </ClInclude>
    <ClInclude Include="BaseSimulator.h">
      <Filter>Header Files</Filter>
    </ClInclude>
    <ClInclude Include="GlobalResourceManager.h">
      <Filter>Header Files</Filter>
    </ClInclude>
    <ClInclude Include="myScene.h">
      <Filter>Header Files</Filter>
    </ClInclude>
    <ClInclude Include="ResourceManager.h">
      <Filter>Header Files</Filter>
    </ClInclude>
    <ClInclude Include="SampleGravitySimulator.h">
      <Filter>Header Files</Filter>
    </ClInclude>
    <ClInclude Include="SampleParticle.h">
      <Filter>Header Files</Filter>
    </ClInclude>
    <ClInclude Include="Hermite.h">
      <Filter>Header Files</Filter>
    </ClInclude>
    <ClInclude Include="BaseSystem.h">
      <Filter>Header Files</Filter>
    </ClInclude>
  </ItemGroup>
</Project>